
Microsoft Visual Studio Solution File, Format Version 12.00
# Visual Studio Version 16
VisualStudioVersion = 16.0.29215.179
MinimumVisualStudioVersion = 10.0.40219.1
Project("{8BC9CEB8-8B4A-11D0-8D11-00A0C91BC942}") = "temp-if", "temp-if\temp-if.vcxproj", "{E8B31896-2860-4B99-97CA-29B84841C5EF}"
EndProject
Project("{8BC9CEB8-8B4A-11D0-8D11-00A0C91BC942}") = "temp-switch", "temp-switch\temp-switch.vcxproj", "{36CCE9BA-382C-49E4-9C01-A3F784662F32}"
EndProject
Project("{8BC9CEB8-8B4A-11D0-8D11-00A0C91BC942}") = "multtab", "multtab\multtab.vcxproj", "{8AD90908-AD73-48AA-AD85-0ACE603C1C48}"
EndProject
Project("{8BC9CEB8-8B4A-11D0-8D11-00A0C91BC942}") = "pyramid", "pyramid\pyramid.vcxproj", "{0BE1311D-9377-4946-BA89-5E7050BD0A0B}"
EndProject
Global
	GlobalSection(SolutionConfigurationPlatforms) = preSolution
		Debug|x64 = Debug|x64
		Debug|x86 = Debug|x86
		Release|x64 = Release|x64
		Release|x86 = Release|x86
	EndGlobalSection
	GlobalSection(ProjectConfigurationPlatforms) = postSolution
		{E8B31896-2860-4B99-97CA-29B84841C5EF}.Debug|x64.ActiveCfg = Debug|x64
		{E8B31896-2860-4B99-97CA-29B84841C5EF}.Debug|x64.Build.0 = Debug|x64
		{E8B31896-2860-4B99-97CA-29B84841C5EF}.Debug|x86.ActiveCfg = Debug|Win32
		{E8B31896-2860-4B99-97CA-29B84841C5EF}.Debug|x86.Build.0 = Debug|Win32
		{E8B31896-2860-4B99-97CA-29B84841C5EF}.Release|x64.ActiveCfg = Release|x64
		{E8B31896-2860-4B99-97CA-29B84841C5EF}.Release|x64.Build.0 = Release|x64
		{E8B31896-2860-4B99-97CA-29B84841C5EF}.Release|x86.ActiveCfg = Release|Win32
		{E8B31896-2860-4B99-97CA-29B84841C5EF}.Release|x86.Build.0 = Release|Win32
		{36CCE9BA-382C-49E4-9C01-A3F784662F32}.Debug|x64.ActiveCfg = Debug|x64
		{36CCE9BA-382C-49E4-9C01-A3F784662F32}.Debug|x64.Build.0 = Debug|x64
		{36CCE9BA-382C-49E4-9C01-A3F784662F32}.Debug|x86.ActiveCfg = Debug|Win32
		{36CCE9BA-382C-49E4-9C01-A3F784662F32}.Debug|x86.Build.0 = Debug|Win32
		{36CCE9BA-382C-49E4-9C01-A3F784662F32}.Release|x64.ActiveCfg = Release|x64
		{36CCE9BA-382C-49E4-9C01-A3F784662F32}.Release|x64.Build.0 = Release|x64
		{36CCE9BA-382C-49E4-9C01-A3F784662F32}.Release|x86.ActiveCfg = Release|Win32
		{36CCE9BA-382C-49E4-9C01-A3F784662F32}.Release|x86.Build.0 = Release|Win32
		{8AD90908-AD73-48AA-AD85-0ACE603C1C48}.Debug|x64.ActiveCfg = Debug|x64
		{8AD90908-AD73-48AA-AD85-0ACE603C1C48}.Debug|x64.Build.0 = Debug|x64
		{8AD90908-AD73-48AA-AD85-0ACE603C1C48}.Debug|x86.ActiveCfg = Debug|Win32
		{8AD90908-AD73-48AA-AD85-0ACE603C1C48}.Debug|x86.Build.0 = Debug|Win32
		{8AD90908-AD73-48AA-AD85-0ACE603C1C48}.Release|x64.ActiveCfg = Release|x64
		{8AD90908-AD73-48AA-AD85-0ACE603C1C48}.Release|x64.Build.0 = Release|x64
		{8AD90908-AD73-48AA-AD85-0ACE603C1C48}.Release|x86.ActiveCfg = Release|Win32
		{8AD90908-AD73-48AA-AD85-0ACE603C1C48}.Release|x86.Build.0 = Release|Win32
		{0BE1311D-9377-4946-BA89-5E7050BD0A0B}.Debug|x64.ActiveCfg = Debug|x64
		{0BE1311D-9377-4946-BA89-5E7050BD0A0B}.Debug|x64.Build.0 = Debug|x64
		{0BE1311D-9377-4946-BA89-5E7050BD0A0B}.Debug|x86.ActiveCfg = Debug|Win32
		{0BE1311D-9377-4946-BA89-5E7050BD0A0B}.Debug|x86.Build.0 = Debug|Win32
		{0BE1311D-9377-4946-BA89-5E7050BD0A0B}.Release|x64.ActiveCfg = Release|x64
		{0BE1311D-9377-4946-BA89-5E7050BD0A0B}.Release|x64.Build.0 = Release|x64
		{0BE1311D-9377-4946-BA89-5E7050BD0A0B}.Release|x86.ActiveCfg = Release|Win32
		{0BE1311D-9377-4946-BA89-5E7050BD0A0B}.Release|x86.Build.0 = Release|Win32
	EndGlobalSection
	GlobalSection(SolutionProperties) = preSolution
		HideSolutionNode = FALSE
	EndGlobalSection
	GlobalSection(ExtensibilityGlobals) = postSolution
		SolutionGuid = {842FA877-2A77-4D91-8593-4019ED410CCE}
	EndGlobalSection
EndGlobal
